
Microsoft Visual Studio Solution File, Format Version 12.00
# Visual Studio Version 17
VisualStudioVersion = 17.5.33502.453
MinimumVisualStudioVersion = 10.0.40219.1
Project("{FAE04EC0-301F-11D3-BF4B-00C04F79EFBC}") = "ManejoPresupuesto", "ManejoPresupuesto\ManejoPresupuesto.csproj", "{7A9542F0-CFD2-49C8-B7EA-E52EBEBFF1EF}"
EndProject
Global
	GlobalSection(SolutionConfigurationPlatforms) = preSolution
		Debug|Any CPU = Debug|Any CPU
		Release|Any CPU = Release|Any CPU
	EndGlobalSection
	GlobalSection(ProjectConfigurationPlatforms) = postSolution
		{7A9542F0-CFD2-49C8-B7EA-E52EBEBFF1EF}.Debug|Any CPU.ActiveCfg = Debug|Any CPU
		{7A9542F0-CFD2-49C8-B7EA-E52EBEBFF1EF}.Debug|Any CPU.Build.0 = Debug|Any CPU
		{7A9542F0-CFD2-49C8-B7EA-E52EBEBFF1EF}.Release|Any CPU.ActiveCfg = Release|Any CPU
		{7A9542F0-CFD2-49C8-B7EA-E52EBEBFF1EF}.Release|Any CPU.Build.0 = Release|Any CPU
	EndGlobalSection
	GlobalSection(SolutionProperties) = preSolution
		HideSolutionNode = FALSE
	EndGlobalSection
	GlobalSection(ExtensibilityGlobals) = postSolution
		SolutionGuid = {8DF74542-95A2-4BD1-B59C-6689BB4C1598}
	EndGlobalSection
EndGlobal
